github.com/PurpleSec/logx v1.6.1 h1:0MCHXb1N9RREkg6FAQB624bkzzl/irlVcVV5DVMRAgo=
github.com/PurpleSec/logx v1.6.1/go.mod h1:tkLK6CqkhkRSVejDMVgZa0jTq97aRikVNjAON9iUiK0=
github.com/PurpleSec/mapper v1.6.2 h1:2H+pnUs0xmmYwFEWsMY0gPNDXh0ScutBpf5EUPlbQe4=
github.com/PurpleSec/mapper v1.6.2/go.mod h1:4RLzc/9V0sC5ryKyu8ZJRWJV+c9tFNvpR40moE2sN1g=
github.com/g8rswimmer/go-twitter/v2 v2.1.5 h1:Uj9Yuof2UducrP4Xva7irnUJfB9354/VyUXKmc2D5gg=
github.com/g8rswimmer/go-twitter/v2 v2.1.5/go.mod h1:/55xWb313KQs25X7oZrNSEwLQNkYHhPsDwFstc45vhc=
github.com/go-sql-driver/mysql v1.7.0 h1:ueSltNNllEqE3qcWBTD0iQd3IpL/6U+mJxLkazJ7YPc=
github.com/go-sql-driver/mysql v1.7.0/go.mod h1:OXbVy3sEdcQ2Doequ6Z5BW6fXNQTmx+9S1MCJN5yJMI=
github.com/go-telegram-bot-api/telegram-bot-api/v5 v5.5.1 h1:wG8n/XJQ07TmjbITcGiUaOtXxdrINDz1b0J1w0SzqDc=
github.com/go-telegram-bot-api/telegram-bot-api/v5 v5.5.1/go.mod h1:A2S0CWkNylc2phvKXWBBdD3K0iGnDBGbzRpISP2zBl8=
